
Microsoft Visual Studio Solution File, Format Version 12.00
# Visual Studio 15
VisualStudioVersion = 15.0.27130.0
MinimumVisualStudioVersion = 10.0.40219.1
Project("{FAE04EC0-301F-11D3-BF4B-00C04F79EFBC}") = "MonopolyCash.Android", "MonopolyCash\MonopolyCash.Android\MonopolyCash.Android.csproj", "{488BFC72-4077-410E-96D8-F8BBD209B7D1}"
EndProject
Project("{FAE04EC0-301F-11D3-BF4B-00C04F79EFBC}") = "MonopolyCash.iOS", "MonopolyCash\MonopolyCash.iOS\MonopolyCash.iOS.csproj", "{B0B5CDE9-137B-4B12-AF3B-43F8011D3DEC}"
EndProject
Project("{FAE04EC0-301F-11D3-BF4B-00C04F79EFBC}") = "MonopolyCash.UWP", "MonopolyCash\MonopolyCash.UWP\MonopolyCash.UWP.csproj", "{257DEC9B-013F-45DD-A283-A7E88E282EA3}"
EndProject
Project("{FAE04EC0-301F-11D3-BF4B-00C04F79EFBC}") = "MonopolyCash", "MonopolyCash\MonopolyCash\MonopolyCash.csproj", "{7F897711-16BE-461B-9EAB-EB0F10A0D16A}"
EndProject
Global
	GlobalSection(SolutionConfigurationPlatforms) = preSolution
		Ad-Hoc|Any CPU = Ad-Hoc|Any CPU
		Ad-Hoc|ARM = Ad-Hoc|ARM
		Ad-Hoc|iPhone = Ad-Hoc|iPhone
		Ad-Hoc|iPhoneSimulator = Ad-Hoc|iPhoneSimulator
		Ad-Hoc|x64 = Ad-Hoc|x64
		Ad-Hoc|x86 = Ad-Hoc|x86
		AppStore|Any CPU = AppStore|Any CPU
		AppStore|ARM = AppStore|ARM
		AppStore|iPhone = AppStore|iPhone
		AppStore|iPhoneSimulator = AppStore|iPhoneSimulator
		AppStore|x64 = AppStore|x64
		AppStore|x86 = AppStore|x86
		Debug|Any CPU = Debug|Any CPU
		Debug|ARM = Debug|ARM
		Debug|iPhone = Debug|iPhone
		Debug|iPhoneSimulator = Debug|iPhoneSimulator
		Debug|x64 = Debug|x64
		Debug|x86 = Debug|x86
		Release|Any CPU = Release|Any CPU
		Release|ARM = Release|ARM
		Release|iPhone = Release|iPhone
		Release|iPhoneSimulator = Release|iPhoneSimulator
		Release|x64 = Release|x64
		Release|x86 = Release|x86
	EndGlobalSection
	GlobalSection(ProjectConfigurationPlatforms) = postSolution
		{488BFC72-4077-410E-96D8-F8BBD209B7D1}.Ad-Hoc|Any CPU.ActiveCfg = Release|Any CPU
		{488BFC72-4077-410E-96D8-F8BBD209B7D1}.Ad-Hoc|Any CPU.Build.0 = Release|Any CPU
		{488BFC72-4077-410E-96D8-F8BBD209B7D1}.Ad-Hoc|Any CPU.Deploy.0 = Release|Any CPU
		{488BFC72-4077-410E-96D8-F8BBD209B7D1}.Ad-Hoc|ARM.ActiveCfg = Release|Any CPU
		{488BFC72-4077-410E-96D8-F8BBD209B7D1}.Ad-Hoc|ARM.Build.0 = Release|Any CPU
		{488BFC72-4077-410E-96D8-F8BBD209B7D1}.Ad-Hoc|ARM.Deploy.0 = Release|Any CPU
		{488BFC72-4077-410E-96D8-F8BBD209B7D1}.Ad-Hoc|iPhone.ActiveCfg = Release|Any CPU
		{488BFC72-4077-410E-96D8-F8BBD209B7D1}.Ad-Hoc|iPhone.Build.0 = Release|Any CPU
		{488BFC72-4077-410E-96D8-F8BBD209B7D1}.Ad-Hoc|iPhone.Deploy.0 = Release|Any CPU
		{488BFC72-4077-410E-96D8-F8BBD209B7D1}.Ad-Hoc|iPhoneSimulator.ActiveCfg = Release|Any CPU
		{488BFC72-4077-410E-96D8-F8BBD209B7D1}.Ad-Hoc|iPhoneSimulator.Build.0 = Release|Any CPU
		{488BFC72-4077-410E-96D8-F8BBD209B7D1}.Ad-Hoc|iPhoneSimulator.Deploy.0 = Release|Any CPU
		{488BFC72-4077-410E-96D8-F8BBD209B7D1}.Ad-Hoc|x64.ActiveCfg = Release|Any CPU
		{488BFC72-4077-410E-96D8-F8BBD209B7D1}.Ad-Hoc|x64.Build.0 = Release|Any CPU
		{488BFC72-4077-410E-96D8-F8BBD209B7D1}.Ad-Hoc|x64.Deploy.0 = Release|Any CPU
		{488BFC72-4077-410E-96D8-F8BBD209B7D1}.Ad-Hoc|x86.ActiveCfg = Release|Any CPU
		{488BFC72-4077-410E-96D8-F8BBD209B7D1}.Ad-Hoc|x86.Build.0 = Release|Any CPU
		{488BFC72-4077-410E-96D8-F8BBD209B7D1}.Ad-Hoc|x86.Deploy.0 = Release|Any CPU
		{488BFC72-4077-410E-96D8-F8BBD209B7D1}.AppStore|Any CPU.ActiveCfg = Release|Any CPU
		{488BFC72-4077-410E-96D8-F8BBD209B7D1}.AppStore|Any CPU.Build.0 = Release|Any CPU
		{488BFC72-4077-410E-96D8-F8BBD209B7D1}.AppStore|Any CPU.Deploy.0 = Release|Any CPU
		{488BFC72-4077-410E-96D8-F8BBD209B7D1}.AppStore|ARM.ActiveCfg = Release|Any CPU
		{488BFC72-4077-410E-96D8-F8BBD209B7D1}.AppStore|ARM.Build.0 = Release|Any CPU
		{488BFC72-4077-410E-96D8-F8BBD209B7D1}.AppStore|ARM.Deploy.0 = Release|Any CPU
		{488BFC72-4077-410E-96D8-F8BBD209B7D1}.AppStore|iPhone.ActiveCfg = Release|Any CPU
		{488BFC72-4077-410E-96D8-F8BBD209B7D1}.AppStore|iPhone.Build.0 = Release|Any CPU
		{488BFC72-4077-410E-96D8-F8BBD209B7D1}.AppStore|iPhone.Deploy.0 = Release|Any CPU
		{488BFC72-4077-410E-96D8-F8BBD209B7D1}.AppStore|iPhoneSimulator.ActiveCfg = Release|Any CPU
		{488BFC72-4077-410E-96D8-F8BBD209B7D1}.AppStore|iPhoneSimulator.Build.0 = Release|Any CPU
		{488BFC72-4077-410E-96D8-F8BBD209B7D1}.AppStore|iPhoneSimulator.Deploy.0 = Release|Any CPU
		{488BFC72-4077-410E-96D8-F8BBD209B7D1}.AppStore|x64.ActiveCfg = Release|Any CPU
		{488BFC72-4077-410E-96D8-F8BBD209B7D1}.AppStore|x64.Build.0 = Release|Any CPU
		{488BFC72-4077-410E-96D8-F8BBD209B7D1}.AppStore|x64.Deploy.0 = Release|Any CPU
		{488BFC72-4077-410E-96D8-F8BBD209B7D1}.AppStore|x86.ActiveCfg = Release|Any CPU
		{488BFC72-4077-410E-96D8-F8BBD209B7D1}.AppStore|x86.Build.0 = Release|Any CPU
		{488BFC72-4077-410E-96D8-F8BBD209B7D1}.AppStore|x86.Deploy.0 = Release|Any CPU
		{488BFC72-4077-410E-96D8-F8BBD209B7D1}.Debug|Any CPU.ActiveCfg = Debug|Any CPU
		{488BFC72-4077-410E-96D8-F8BBD209B7D1}.Debug|Any CPU.Build.0 = Debug|Any CPU
		{488BFC72-4077-410E-96D8-F8BBD209B7D1}.Debug|Any CPU.Deploy.0 = Debug|Any CPU
		{488BFC72-4077-410E-96D8-F8BBD209B7D1}.Debug|ARM.ActiveCfg = Debug|Any CPU
		{488BFC72-4077-410E-96D8-F8BBD209B7D1}.Debug|ARM.Build.0 = Debug|Any CPU
		{488BFC72-4077-410E-96D8-F8BBD209B7D1}.Debug|ARM.Deploy.0 = Debug|Any CPU
		{488BFC72-4077-410E-96D8-F8BBD209B7D1}.Debug|iPhone.ActiveCfg = Debug|Any CPU
		{488BFC72-4077-410E-96D8-F8BBD209B7D1}.Debug|iPhone.Build.0 = Debug|Any CPU
		{488BFC72-4077-410E-96D8-F8BBD209B7D1}.Debug|iPhone.Deploy.0 = Debug|Any CPU
		{488BFC72-4077-410E-96D8-F8BBD209B7D1}.Debug|iPhoneSimulator.ActiveCfg = Debug|Any CPU
		{488BFC72-4077-410E-96D8-F8BBD209B7D1}.Debug|iPhoneSimulator.Build.0 = Debug|Any CPU
		{488BFC72-4077-410E-96D8-F8BBD209B7D1}.Debug|iPhoneSimulator.Deploy.0 = Debug|Any CPU
		{488BFC72-4077-410E-96D8-F8BBD209B7D1}.Debug|x64.ActiveCfg = Debug|Any CPU
		{488BFC72-4077-410E-96D8-F8BBD209B7D1}.Debug|x64.Build.0 = Debug|Any CPU
		{488BFC72-4077-410E-96D8-F8BBD209B7D1}.Debug|x64.Deploy.0 = Debug|Any CPU
		{488BFC72-4077-410E-96D8-F8BBD209B7D1}.Debug|x86.ActiveCfg = Debug|Any CPU
		{488BFC72-4077-410E-96D8-F8BBD209B7D1}.Debug|x86.Build.0 = Debug|Any CPU
		{488BFC72-4077-410E-96D8-F8BBD209B7D1}.Debug|x86.Deploy.0 = Debug|Any CPU
		{488BFC72-4077-410E-96D8-F8BBD209B7D1}.Release|Any CPU.ActiveCfg = Release|Any CPU
		{488BFC72-4077-410E-96D8-F8BBD209B7D1}.Release|Any CPU.Build.0 = Release|Any CPU
		{488BFC72-4077-410E-96D8-F8BBD209B7D1}.Release|Any CPU.Deploy.0 = Release|Any CPU
		{488BFC72-4077-410E-96D8-F8BBD209B7D1}.Release|ARM.ActiveCfg = Release|Any CPU
		{488BFC72-4077-410E-96D8-F8BBD209B7D1}.Release|ARM.Build.0 = Release|Any CPU
		{488BFC72-4077-410E-96D8-F8BBD209B7D1}.Release|ARM.Deploy.0 = Release|Any CPU
		{488BFC72-4077-410E-96D8-F8BBD209B7D1}.Release|iPhone.ActiveCfg = Release|Any CPU
		{488BFC72-4077-410E-96D8-F8BBD209B7D1}.Release|iPhone.Build.0 = Release|Any CPU
		{488BFC72-4077-410E-96D8-F8BBD209B7D1}.Release|iPhone.Deploy.0 = Release|Any CPU
		{488BFC72-4077-410E-96D8-F8BBD209B7D1}.Release|iPhoneSimulator.ActiveCfg = Release|Any CPU
		{488BFC72-4077-410E-96D8-F8BBD209B7D1}.Release|iPhoneSimulator.Build.0 = Release|Any CPU
		{488BFC72-4077-410E-96D8-F8BBD209B7D1}.Release|iPhoneSimulator.Deploy.0 = Release|Any CPU
		{488BFC72-4077-410E-96D8-F8BBD209B7D1}.Release|x64.ActiveCfg = Release|Any CPU
		{488BFC72-4077-410E-96D8-F8BBD209B7D1}.Release|x64.Build.0 = Release|Any CPU
		{488BFC72-4077-410E-96D8-F8BBD209B7D1}.Release|x64.Deploy.0 = Release|Any CPU
		{488BFC72-4077-410E-96D8-F8BBD209B7D1}.Release|x86.ActiveCfg = Release|Any CPU
		{488BFC72-4077-410E-96D8-F8BBD209B7D1}.Release|x86.Build.0 = Release|Any CPU
		{488BFC72-4077-410E-96D8-F8BBD209B7D1}.Release|x86.Deploy.0 = Release|Any CPU
		{B0B5CDE9-137B-4B12-AF3B-43F8011D3DEC}.Ad-Hoc|Any CPU.ActiveCfg = Ad-Hoc|iPhone
		{B0B5CDE9-137B-4B12-AF3B-43F8011D3DEC}.Ad-Hoc|ARM.ActiveCfg = Ad-Hoc|iPhone
		{B0B5CDE9-137B-4B12-AF3B-43F8011D3DEC}.Ad-Hoc|iPhone.ActiveCfg = Ad-Hoc|iPhone
		{B0B5CDE9-137B-4B12-AF3B-43F8011D3DEC}.Ad-Hoc|iPhone.Build.0 = Ad-Hoc|iPhone
		{B0B5CDE9-137B-4B12-AF3B-43F8011D3DEC}.Ad-Hoc|iPhoneSimulator.ActiveCfg = Ad-Hoc|iPhoneSimulator
		{B0B5CDE9-137B-4B12-AF3B-43F8011D3DEC}.Ad-Hoc|iPhoneSimulator.Build.0 = Ad-Hoc|iPhoneSimulator
		{B0B5CDE9-137B-4B12-AF3B-43F8011D3DEC}.Ad-Hoc|x64.ActiveCfg = Ad-Hoc|iPhone
		{B0B5CDE9-137B-4B12-AF3B-43F8011D3DEC}.Ad-Hoc|x86.ActiveCfg = Ad-Hoc|iPhone
		{B0B5CDE9-137B-4B12-AF3B-43F8011D3DEC}.AppStore|Any CPU.ActiveCfg = AppStore|iPhone
		{B0B5CDE9-137B-4B12-AF3B-43F8011D3DEC}.AppStore|ARM.ActiveCfg = AppStore|iPhone
		{B0B5CDE9-137B-4B12-AF3B-43F8011D3DEC}.AppStore|iPhone.ActiveCfg = AppStore|iPhone
		{B0B5CDE9-137B-4B12-AF3B-43F8011D3DEC}.AppStore|iPhone.Build.0 = AppStore|iPhone
		{B0B5CDE9-137B-4B12-AF3B-43F8011D3DEC}.AppStore|iPhoneSimulator.ActiveCfg = AppStore|iPhoneSimulator
		{B0B5CDE9-137B-4B12-AF3B-43F8011D3DEC}.AppStore|iPhoneSimulator.Build.0 = AppStore|iPhoneSimulator
		{B0B5CDE9-137B-4B12-AF3B-43F8011D3DEC}.AppStore|x64.ActiveCfg = AppStore|iPhone
		{B0B5CDE9-137B-4B12-AF3B-43F8011D3DEC}.AppStore|x86.ActiveCfg = AppStore|iPhone
		{B0B5CDE9-137B-4B12-AF3B-43F8011D3DEC}.Debug|Any CPU.ActiveCfg = Debug|iPhone
		{B0B5CDE9-137B-4B12-AF3B-43F8011D3DEC}.Debug|ARM.ActiveCfg = Debug|iPhone
		{B0B5CDE9-137B-4B12-AF3B-43F8011D3DEC}.Debug|iPhone.ActiveCfg = Debug|iPhone
		{B0B5CDE9-137B-4B12-AF3B-43F8011D3DEC}.Debug|iPhone.Build.0 = Debug|iPhone
		{B0B5CDE9-137B-4B12-AF3B-43F8011D3DEC}.Debug|iPhoneSimulator.ActiveCfg = Debug|iPhoneSimulator
		{B0B5CDE9-137B-4B12-AF3B-43F8011D3DEC}.Debug|iPhoneSimulator.Build.0 = Debug|iPhoneSimulator
		{B0B5CDE9-137B-4B12-AF3B-43F8011D3DEC}.Debug|x64.ActiveCfg = Debug|iPhone
		{B0B5CDE9-137B-4B12-AF3B-43F8011D3DEC}.Debug|x86.ActiveCfg = Debug|iPhone
		{B0B5CDE9-137B-4B12-AF3B-43F8011D3DEC}.Release|Any CPU.ActiveCfg = Release|iPhone
		{B0B5CDE9-137B-4B12-AF3B-43F8011D3DEC}.Release|ARM.ActiveCfg = Release|iPhone
		{B0B5CDE9-137B-4B12-AF3B-43F8011D3DEC}.Release|iPhone.ActiveCfg = Release|iPhone
		{B0B5CDE9-137B-4B12-AF3B-43F8011D3DEC}.Release|iPhone.Build.0 = Release|iPhone
		{B0B5CDE9-137B-4B12-AF3B-43F8011D3DEC}.Release|iPhoneSimulator.ActiveCfg = Release|iPhoneSimulator
		{B0B5CDE9-137B-4B12-AF3B-43F8011D3DEC}.Release|iPhoneSimulator.Build.0 = Release|iPhoneSimulator
		{B0B5CDE9-137B-4B12-AF3B-43F8011D3DEC}.Release|x64.ActiveCfg = Release|iPhone
		{B0B5CDE9-137B-4B12-AF3B-43F8011D3DEC}.Release|x86.ActiveCfg = Release|iPhone
		{257DEC9B-013F-45DD-A283-A7E88E282EA3}.Ad-Hoc|Any CPU.ActiveCfg = Release|x86
		{257DEC9B-013F-45DD-A283-A7E88E282EA3}.Ad-Hoc|Any CPU.Build.0 = Release|x86
		{257DEC9B-013F-45DD-A283-A7E88E282EA3}.Ad-Hoc|Any CPU.Deploy.0 = Release|x86
		{257DEC9B-013F-45DD-A283-A7E88E282EA3}.Ad-Hoc|ARM.ActiveCfg = Release|ARM
		{257DEC9B-013F-45DD-A283-A7E88E282EA3}.Ad-Hoc|ARM.Build.0 = Release|ARM
		{257DEC9B-013F-45DD-A283-A7E88E282EA3}.Ad-Hoc|ARM.Deploy.0 = Release|ARM
		{257DEC9B-013F-45DD-A283-A7E88E282EA3}.Ad-Hoc|iPhone.ActiveCfg = Release|x86
		{257DEC9B-013F-45DD-A283-A7E88E282EA3}.Ad-Hoc|iPhone.Build.0 = Release|x86
		{257DEC9B-013F-45DD-A283-A7E88E282EA3}.Ad-Hoc|iPhone.Deploy.0 = Release|x86
		{257DEC9B-013F-45DD-A283-A7E88E282EA3}.Ad-Hoc|iPhoneSimulator.ActiveCfg = Release|x86
		{257DEC9B-013F-45DD-A283-A7E88E282EA3}.Ad-Hoc|iPhoneSimulator.Build.0 = Release|x86
		{257DEC9B-013F-45DD-A283-A7E88E282EA3}.Ad-Hoc|iPhoneSimulator.Deploy.0 = Release|x86
		{257DEC9B-013F-45DD-A283-A7E88E282EA3}.Ad-Hoc|x64.ActiveCfg = Release|x64
		{257DEC9B-013F-45DD-A283-A7E88E282EA3}.Ad-Hoc|x64.Build.0 = Release|x64
		{257DEC9B-013F-45DD-A283-A7E88E282EA3}.Ad-Hoc|x64.Deploy.0 = Release|x64
		{257DEC9B-013F-45DD-A283-A7E88E282EA3}.Ad-Hoc|x86.ActiveCfg = Release|x86
		{257DEC9B-013F-45DD-A283-A7E88E282EA3}.Ad-Hoc|x86.Build.0 = Release|x86
		{257DEC9B-013F-45DD-A283-A7E88E282EA3}.Ad-Hoc|x86.Deploy.0 = Release|x86
		{257DEC9B-013F-45DD-A283-A7E88E282EA3}.AppStore|Any CPU.ActiveCfg = Release|x86
		{257DEC9B-013F-45DD-A283-A7E88E282EA3}.AppStore|Any CPU.Build.0 = Release|x86
		{257DEC9B-013F-45DD-A283-A7E88E282EA3}.AppStore|Any CPU.Deploy.0 = Release|x86
		{257DEC9B-013F-45DD-A283-A7E88E282EA3}.AppStore|ARM.ActiveCfg = Release|ARM
		{257DEC9B-013F-45DD-A283-A7E88E282EA3}.AppStore|ARM.Build.0 = Release|ARM
		{257DEC9B-013F-45DD-A283-A7E88E282EA3}.AppStore|ARM.Deploy.0 = Release|ARM
		{257DEC9B-013F-45DD-A283-A7E88E282EA3}.AppStore|iPhone.ActiveCfg = Release|x86
		{257DEC9B-013F-45DD-A283-A7E88E282EA3}.AppStore|iPhone.Build.0 = Release|x86
		{257DEC9B-013F-45DD-A283-A7E88E282EA3}.AppStore|iPhone.Deploy.0 = Release|x86
		{257DEC9B-013F-45DD-A283-A7E88E282EA3}.AppStore|iPhoneSimulator.ActiveCfg = Release|x86
		{257DEC9B-013F-45DD-A283-A7E88E282EA3}.AppStore|iPhoneSimulator.Build.0 = Release|x86
		{257DEC9B-013F-45DD-A283-A7E88E282EA3}.AppStore|iPhoneSimulator.Deploy.0 = Release|x86
		{257DEC9B-013F-45DD-A283-A7E88E282EA3}.AppStore|x64.ActiveCfg = Release|x64
		{257DEC9B-013F-45DD-A283-A7E88E282EA3}.AppStore|x64.Build.0 = Release|x64
		{257DEC9B-013F-45DD-A283-A7E88E282EA3}.AppStore|x64.Deploy.0 = Release|x64
		{257DEC9B-013F-45DD-A283-A7E88E282EA3}.AppStore|x86.ActiveCfg = Release|x86
		{257DEC9B-013F-45DD-A283-A7E88E282EA3}.AppStore|x86.Build.0 = Release|x86
		{257DEC9B-013F-45DD-A283-A7E88E282EA3}.AppStore|x86.Deploy.0 = Release|x86
		{257DEC9B-013F-45DD-A283-A7E88E282EA3}.Debug|Any CPU.ActiveCfg = Debug|x86
		{257DEC9B-013F-45DD-A283-A7E88E282EA3}.Debug|ARM.ActiveCfg = Debug|ARM
		{257DEC9B-013F-45DD-A283-A7E88E282EA3}.Debug|ARM.Build.0 = Debug|ARM
		{257DEC9B-013F-45DD-A283-A7E88E282EA3}.Debug|ARM.Deploy.0 = Debug|ARM
		{257DEC9B-013F-45DD-A283-A7E88E282EA3}.Debug|iPhone.ActiveCfg = Debug|x86
		{257DEC9B-013F-45DD-A283-A7E88E282EA3}.Debug|iPhoneSimulator.ActiveCfg = Debug|x86
		{257DEC9B-013F-45DD-A283-A7E88E282EA3}.Debug|x64.ActiveCfg = Debug|x64
		{257DEC9B-013F-45DD-A283-A7E88E282EA3}.Debug|x64.Build.0 = Debug|x64
		{257DEC9B-013F-45DD-A283-A7E88E282EA3}.Debug|x64.Deploy.0 = Debug|x64
		{257DEC9B-013F-45DD-A283-A7E88E282EA3}.Debug|x86.ActiveCfg = Debug|x86
		{257DEC9B-013F-45DD-A283-A7E88E282EA3}.Debug|x86.Build.0 = Debug|x86
		{257DEC9B-013F-45DD-A283-A7E88E282EA3}.Debug|x86.Deploy.0 = Debug|x86
		{257DEC9B-013F-45DD-A283-A7E88E282EA3}.Release|Any CPU.ActiveCfg = Release|x86
		{257DEC9B-013F-45DD-A283-A7E88E282EA3}.Release|ARM.ActiveCfg = Release|ARM
		{257DEC9B-013F-45DD-A283-A7E88E282EA3}.Release|ARM.Build.0 = Release|ARM
		{257DEC9B-013F-45DD-A283-A7E88E282EA3}.Release|ARM.Deploy.0 = Release|ARM
		{257DEC9B-013F-45DD-A283-A7E88E282EA3}.Release|iPhone.ActiveCfg = Release|x86
		{257DEC9B-013F-45DD-A283-A7E88E282EA3}.Release|iPhoneSimulator.ActiveCfg = Release|x86
		{257DEC9B-013F-45DD-A283-A7E88E282EA3}.Release|x64.ActiveCfg = Release|x64
		{257DEC9B-013F-45DD-A283-A7E88E282EA3}.Release|x64.Build.0 = Release|x64
		{257DEC9B-013F-45DD-A283-A7E88E282EA3}.Release|x64.Deploy.0 = Release|x64
		{257DEC9B-013F-45DD-A283-A7E88E282EA3}.Release|x86.ActiveCfg = Release|x86
		{257DEC9B-013F-45DD-A283-A7E88E282EA3}.Release|x86.Build.0 = Release|x86
		{257DEC9B-013F-45DD-A283-A7E88E282EA3}.Release|x86.Deploy.0 = Release|x86
		{7F897711-16BE-461B-9EAB-EB0F10A0D16A}.Ad-Hoc|Any CPU.ActiveCfg = Debug|Any CPU
		{7F897711-16BE-461B-9EAB-EB0F10A0D16A}.Ad-Hoc|Any CPU.Build.0 = Debug|Any CPU
		{7F897711-16BE-461B-9EAB-EB0F10A0D16A}.Ad-Hoc|ARM.ActiveCfg = Debug|Any CPU
		{7F897711-16BE-461B-9EAB-EB0F10A0D16A}.Ad-Hoc|ARM.Build.0 = Debug|Any CPU
		{7F897711-16BE-461B-9EAB-EB0F10A0D16A}.Ad-Hoc|iPhone.ActiveCfg = Debug|Any CPU
		{7F897711-16BE-461B-9EAB-EB0F10A0D16A}.Ad-Hoc|iPhone.Build.0 = Debug|Any CPU
		{7F897711-16BE-461B-9EAB-EB0F10A0D16A}.Ad-Hoc|iPhoneSimulator.ActiveCfg = Debug|Any CPU
		{7F897711-16BE-461B-9EAB-EB0F10A0D16A}.Ad-Hoc|iPhoneSimulator.Build.0 = Debug|Any CPU
		{7F897711-16BE-461B-9EAB-EB0F10A0D16A}.Ad-Hoc|x64.ActiveCfg = Debug|Any CPU
		{7F897711-16BE-461B-9EAB-EB0F10A0D16A}.Ad-Hoc|x64.Build.0 = Debug|Any CPU
		{7F897711-16BE-461B-9EAB-EB0F10A0D16A}.Ad-Hoc|x86.ActiveCfg = Debug|Any CPU
		{7F897711-16BE-461B-9EAB-EB0F10A0D16A}.Ad-Hoc|x86.Build.0 = Debug|Any CPU
		{7F897711-16BE-461B-9EAB-EB0F10A0D16A}.AppStore|Any CPU.ActiveCfg = Debug|Any CPU
		{7F897711-16BE-461B-9EAB-EB0F10A0D16A}.AppStore|Any CPU.Build.0 = Debug|Any CPU
		{7F897711-16BE-461B-9EAB-EB0F10A0D16A}.AppStore|ARM.ActiveCfg = Debug|Any CPU
		{7F897711-16BE-461B-9EAB-EB0F10A0D16A}.AppStore|ARM.Build.0 = Debug|Any CPU
		{7F897711-16BE-461B-9EAB-EB0F10A0D16A}.AppStore|iPhone.ActiveCfg = Debug|Any CPU
		{7F897711-16BE-461B-9EAB-EB0F10A0D16A}.AppStore|iPhone.Build.0 = Debug|Any CPU
		{7F897711-16BE-461B-9EAB-EB0F10A0D16A}.AppStore|iPhoneSimulator.ActiveCfg = Debug|Any CPU
		{7F897711-16BE-461B-9EAB-EB0F10A0D16A}.AppStore|iPhoneSimulator.Build.0 = Debug|Any CPU
		{7F897711-16BE-461B-9EAB-EB0F10A0D16A}.AppStore|x64.ActiveCfg = Debug|Any CPU
		{7F897711-16BE-461B-9EAB-EB0F10A0D16A}.AppStore|x64.Build.0 = Debug|Any CPU
		{7F897711-16BE-461B-9EAB-EB0F10A0D16A}.AppStore|x86.ActiveCfg = Debug|Any CPU
		{7F897711-16BE-461B-9EAB-EB0F10A0D16A}.AppStore|x86.Build.0 = Debug|Any CPU
		{7F897711-16BE-461B-9EAB-EB0F10A0D16A}.Debug|Any CPU.ActiveCfg = Debug|Any CPU
		{7F897711-16BE-461B-9EAB-EB0F10A0D16A}.Debug|Any CPU.Build.0 = Debug|Any CPU
		{7F897711-16BE-461B-9EAB-EB0F10A0D16A}.Debug|ARM.ActiveCfg = Debug|Any CPU
		{7F897711-16BE-461B-9EAB-EB0F10A0D16A}.Debug|ARM.Build.0 = Debug|Any CPU
		{7F897711-16BE-461B-9EAB-EB0F10A0D16A}.Debug|iPhone.ActiveCfg = Debug|Any CPU
		{7F897711-16BE-461B-9EAB-EB0F10A0D16A}.Debug|iPhone.Build.0 = Debug|Any CPU
		{7F897711-16BE-461B-9EAB-EB0F10A0D16A}.Debug|iPhoneSimulator.ActiveCfg = Debug|Any CPU
		{7F897711-16BE-461B-9EAB-EB0F10A0D16A}.Debug|iPhoneSimulator.Build.0 = Debug|Any CPU
		{7F897711-16BE-461B-9EAB-EB0F10A0D16A}.Debug|x64.ActiveCfg = Debug|Any CPU
		{7F897711-16BE-461B-9EAB-EB0F10A0D16A}.Debug|x64.Build.0 = Debug|Any CPU
		{7F897711-16BE-461B-9EAB-EB0F10A0D16A}.Debug|x86.ActiveCfg = Debug|Any CPU
		{7F897711-16BE-461B-9EAB-EB0F10A0D16A}.Debug|x86.Build.0 = Debug|Any CPU
		{7F897711-16BE-461B-9EAB-EB0F10A0D16A}.Release|Any CPU.ActiveCfg = Release|Any CPU
		{7F897711-16BE-461B-9EAB-EB0F10A0D16A}.Release|Any CPU.Build.0 = Release|Any CPU
		{7F897711-16BE-461B-9EAB-EB0F10A0D16A}.Release|ARM.ActiveCfg = Release|Any CPU
		{7F897711-16BE-461B-9EAB-EB0F10A0D16A}.Release|ARM.Build.0 = Release|Any CPU
		{7F897711-16BE-461B-9EAB-EB0F10A0D16A}.Release|iPhone.ActiveCfg = Release|Any CPU
		{7F897711-16BE-461B-9EAB-EB0F10A0D16A}.Release|iPhone.Build.0 = Release|Any CPU
		{7F897711-16BE-461B-9EAB-EB0F10A0D16A}.Release|iPhoneSimulator.ActiveCfg = Release|Any CPU
		{7F897711-16BE-461B-9EAB-EB0F10A0D16A}.Release|iPhoneSimulator.Build.0 = Release|Any CPU
		{7F897711-16BE-461B-9EAB-EB0F10A0D16A}.Release|x64.ActiveCfg = Release|Any CPU
		{7F897711-16BE-461B-9EAB-EB0F10A0D16A}.Release|x64.Build.0 = Release|Any CPU
		{7F897711-16BE-461B-9EAB-EB0F10A0D16A}.Release|x86.ActiveCfg = Release|Any CPU
		{7F897711-16BE-461B-9EAB-EB0F10A0D16A}.Release|x86.Build.0 = Release|Any CPU
	EndGlobalSection
	GlobalSection(SolutionProperties) = preSolution
		HideSolutionNode = FALSE
	EndGlobalSection
	GlobalSection(ExtensibilityGlobals) = postSolution
		SolutionGuid = {275FF071-28BE-4971-9361-249896F67771}
	EndGlobalSection
EndGlobal
